// !$*UTF8*$!
{
	archiveVersion = 1;
	classes = {
	};
	objectVersion = 46;
	objects = {

/* Begin PBXBuildFile section */
		4A3484DA18F97DB2002DF659 /* Cocoa.framework in Frameworks */ = {isa = PBXBuildFile; fileRef = 4A3484D918F97DB2002DF659 /* Cocoa.framework */; };
		4A3484E418F97DB2002DF659 /* InfoPlist.strings in Resources */ = {isa = PBXBuildFile; fileRef = 4A3484E218F97DB2002DF659 /* InfoPlist.strings */; };
		4A3484E618F97DB2002DF659 /* main.m in Sources */ = {isa = PBXBuildFile; fileRef = 4A3484E518F97DB2002DF659 /* main.m */; };
		4A3484EA18F97DB2002DF659 /* Credits.rtf in Resources */ = {isa = PBXBuildFile; fileRef = 4A3484E818F97DB2002DF659 /* Credits.rtf */; };
		4A3484ED18F97DB2002DF659 /* HSAppDelegate.m in Sources */ = {isa = PBXBuildFile; fileRef = 4A3484EC18F97DB2002DF659 /* HSAppDelegate.m */; };
		4A3484F018F97DB2002DF659 /* MainMenu.xib in Resources */ = {isa = PBXBuildFile; fileRef = 4A3484EE18F97DB2002DF659 /* MainMenu.xib */; };
		4A3484F218F97DB2002DF659 /* Images.xcassets in Resources */ = {isa = PBXBuildFile; fileRef = 4A3484F118F97DB2002DF659 /* Images.xcassets */; };
		4A3484F918F97DB2002DF659 /* XCTest.framework in Frameworks */ = {isa = PBXBuildFile; fileRef = 4A3484F818F97DB2002DF659 /* XCTest.framework */; };
		4A3484FA18F97DB2002DF659 /* Cocoa.framework in Frameworks */ = {isa = PBXBuildFile; fileRef = 4A3484D918F97DB2002DF659 /* Cocoa.framework */; };
		4A34850218F97DB2002DF659 /* InfoPlist.strings in Resources */ = {isa = PBXBuildFile; fileRef = 4A34850018F97DB2002DF659 /* InfoPlist.strings */; };
		4A34850418F97DB2002DF659 /* HazelnutScriptTests.m in Sources */ = {isa = PBXBuildFile; fileRef = 4A34850318F97DB2002DF659 /* HazelnutScriptTests.m */; };
		4A34851C18F9B15B002DF659 /* HSPrefGeneralViewController.m in Sources */ = {isa = PBXBuildFile; fileRef = 4A34851A18F9B15B002DF659 /* HSPrefGeneralViewController.m */; };
		4A34851D18F9B15B002DF659 /* HSPrefGeneralViewController.xib in Resources */ = {isa = PBXBuildFile; fileRef = 4A34851B18F9B15B002DF659 /* HSPrefGeneralViewController.xib */; };
		4A34852118F9B16B002DF659 /* HSPrefAboutViewController.m in Sources */ = {isa = PBXBuildFile; fileRef = 4A34851F18F9B16B002DF659 /* HSPrefAboutViewController.m */; };
		4A34852218F9B16B002DF659 /* HSPrefAboutViewController.xib in Resources */ = {isa = PBXBuildFile; fileRef = 4A34852018F9B16B002DF659 /* HSPrefAboutViewController.xib */; };
		4A34852618F9B179002DF659 /* HSPrefEditorViewController.m in Sources */ = {isa = PBXBuildFile; fileRef = 4A34852418F9B179002DF659 /* HSPrefEditorViewController.m */; };
		4A34852718F9B179002DF659 /* HSPrefEditorViewController.xib in Resources */ = {isa = PBXBuildFile; fileRef = 4A34852518F9B179002DF659 /* HSPrefEditorViewController.xib */; };
		4A34853B18F9E59C002DF659 /* KFItemConstraintBuilder.m in Sources */ = {isa = PBXBuildFile; fileRef = 4A34852B18F9E59C002DF659 /* KFItemConstraintBuilder.m */; };
		4A34853C18F9E59C002DF659 /* KFToolbar.m in Sources */ = {isa = PBXBuildFile; fileRef = 4A34852D18F9E59C002DF659 /* KFToolbar.m */; };
		4A34853D18F9E59C002DF659 /* KFToolBarConstraintBuilder.m in Sources */ = {isa = PBXBuildFile; fileRef = 4A34852F18F9E59C002DF659 /* KFToolBarConstraintBuilder.m */; };
		4A34853E18F9E59C002DF659 /* KFToolbarItem.m in Sources */ = {isa = PBXBuildFile; fileRef = 4A34853118F9E59C002DF659 /* KFToolbarItem.m */; };
		4A34853F18F9E59C002DF659 /* KFToolbarItemButtonCell.m in Sources */ = {isa = PBXBuildFile; fileRef = 4A34853318F9E59C002DF659 /* KFToolbarItemButtonCell.m */; };
		4A34854018F9E59C002DF659 /* KFViewBindingsBuilder.m in Sources */ = {isa = PBXBuildFile; fileRef = 4A34853618F9E59C002DF659 /* KFViewBindingsBuilder.m */; };
		4A34854118F9E59C002DF659 /* KFViewNameBuilder.m in Sources */ = {isa = PBXBuildFile; fileRef = 4A34853818F9E59C002DF659 /* KFViewNameBuilder.m */; };
		4A34854218F9E59C002DF659 /* NSArray+KFIAdditions.m in Sources */ = {isa = PBXBuildFile; fileRef = 4A34853A18F9E59C002DF659 /* NSArray+KFIAdditions.m */; };
		4A34854518F9FD3B002DF659 /* JavaScriptCore.framework in Frameworks */ = {isa = PBXBuildFile; fileRef = 4A34854418F9FD3B002DF659 /* JavaScriptCore.framework */; };
		4A34854918FA04E0002DF659 /* HSJsConsole.m in Sources */ = {isa = PBXBuildFile; fileRef = 4A34854818FA04E0002DF659 /* HSJsConsole.m */; };
		4A34854C18FA059A002DF659 /* HSJavaScriptManager.m in Sources */ = {isa = PBXBuildFile; fileRef = 4A34854B18FA059A002DF659 /* HSJavaScriptManager.m */; };
		4A34855218FA18EC002DF659 /* NSTextField+JSConsole.m in Sources */ = {isa = PBXBuildFile; fileRef = 4A34855118FA18EC002DF659 /* NSTextField+JSConsole.m */; };
		F020CAD523374DB4859899B9 /* libPods.a in Frameworks */ = {isa = PBXBuildFile; fileRef = 778851544672472DAEA80DAD /* libPods.a */; };
/* End PBXBuildFile section */

/* Begin PBXContainerItemProxy section */
		4A3484FB18F97DB2002DF659 /* PBXContainerItemProxy */ = {
			isa = PBXContainerItemProxy;
			containerPortal = 4A3484CE18F97DB2002DF659 /* Project object */;
			proxyType = 1;
			remoteGlobalIDString = 4A3484D518F97DB2002DF659;
			remoteInfo = HazelnutScript;
		};
/* End PBXContainerItemProxy section */

/* Begin PBXFileReference section */
		0F12728984934D32AC415BDF /* Pods.xcconfig */ = {isa = PBXFileReference; includeInIndex = 1; lastKnownFileType = text.xcconfig; name = Pods.xcconfig; path = Pods/Pods.xcconfig; sourceTree = "<group>"; };
		4A3484D618F97DB2002DF659 /* HazelnutScript.app */ = {isa = PBXFileReference; explicitFileType = wrapper.application; includeInIndex = 0; path = HazelnutScript.app; sourceTree = BUILT_PRODUCTS_DIR; };
		4A3484D918F97DB2002DF659 /* Cocoa.framework */ = {isa = PBXFileReference; lastKnownFileType = wrapper.framework; name = Cocoa.framework; path = System/Library/Frameworks/Cocoa.framework; sourceTree = SDKROOT; };
		4A3484DC18F97DB2002DF659 /* AppKit.framework */ = {isa = PBXFileReference; lastKnownFileType = wrapper.framework; name = AppKit.framework; path = System/Library/Frameworks/AppKit.framework; sourceTree = SDKROOT; };
		4A3484DD18F97DB2002DF659 /* CoreData.framework */ = {isa = PBXFileReference; lastKnownFileType = wrapper.framework; name = CoreData.framework; path = System/Library/Frameworks/CoreData.framework; sourceTree = SDKROOT; };
		4A3484DE18F97DB2002DF659 /* Foundation.framework */ = {isa = PBXFileReference; lastKnownFileType = wrapper.framework; name = Foundation.framework; path = System/Library/Frameworks/Foundation.framework; sourceTree = SDKROOT; };
		4A3484E118F97DB2002DF659 /* HazelnutScript-Info.plist */ = {isa = PBXFileReference; lastKnownFileType = text.plist.xml; path = "HazelnutScript-Info.plist"; sourceTree = "<group>"; };
		4A3484E318F97DB2002DF659 /* en */ = {isa = PBXFileReference; lastKnownFileType = text.plist.strings; name = en; path = en.lproj/InfoPlist.strings; sourceTree = "<group>"; };
		4A3484E518F97DB2002DF659 /* main.m */ = {isa = PBXFileReference; lastKnownFileType = sourcecode.c.objc; path = main.m; sourceTree = "<group>"; };
		4A3484E718F97DB2002DF659 /* HazelnutScript-Prefix.pch */ = {isa = PBXFileReference; lastKnownFileType = sourcecode.c.h; path = "HazelnutScript-Prefix.pch"; sourceTree = "<group>"; };
		4A3484E918F97DB2002DF659 /* en */ = {isa = PBXFileReference; lastKnownFileType = text.rtf; name = en; path = en.lproj/Credits.rtf; sourceTree = "<group>"; };
		4A3484EB18F97DB2002DF659 /* HSAppDelegate.h */ = {isa = PBXFileReference; lastKnownFileType = sourcecode.c.h; path = HSAppDelegate.h; sourceTree = "<group>"; };
		4A3484EC18F97DB2002DF659 /* HSAppDelegate.m */ = {isa = PBXFileReference; lastKnownFileType = sourcecode.c.objc; path = HSAppDelegate.m; sourceTree = "<group>"; };
		4A3484EF18F97DB2002DF659 /* Base */ = {isa = PBXFileReference; lastKnownFileType = file.xib; name = Base; path = Base.lproj/MainMenu.xib; sourceTree = "<group>"; };
		4A3484F118F97DB2002DF659 /* Images.xcassets */ = {isa = PBXFileReference; lastKnownFileType = folder.assetcatalog; path = Images.xcassets; sourceTree = "<group>"; };
		4A3484F718F97DB2002DF659 /* HazelnutScriptTests.xctest */ = {isa = PBXFileReference; explicitFileType = wrapper.cfbundle; includeInIndex = 0; path = HazelnutScriptTests.xctest; sourceTree = BUILT_PRODUCTS_DIR; };
		4A3484F818F97DB2002DF659 /* XCTest.framework */ = {isa = PBXFileReference; lastKnownFileType = wrapper.framework; name = XCTest.framework; path = Library/Frameworks/XCTest.framework; sourceTree = DEVELOPER_DIR; };
		4A3484FF18F97DB2002DF659 /* HazelnutScriptTests-Info.plist */ = {isa = PBXFileReference; lastKnownFileType = text.plist.xml; path = "HazelnutScriptTests-Info.plist"; sourceTree = "<group>"; };
		4A34850118F97DB2002DF659 /* en */ = {isa = PBXFileReference; lastKnownFileType = text.plist.strings; name = en; path = en.lproj/InfoPlist.strings; sourceTree = "<group>"; };
		4A34850318F97DB2002DF659 /* HazelnutScriptTests.m */ = {isa = PBXFileReference; lastKnownFileType = sourcecode.c.objc; path = HazelnutScriptTests.m; sourceTree = "<group>"; };
		4A34851918F9B15B002DF659 /* HSPrefGeneralViewController.h */ = {isa = PBXFileReference; fileEncoding = 4; lastKnownFileType = sourcecode.c.h; path = HSPrefGeneralViewController.h; sourceTree = "<group>"; };
		4A34851A18F9B15B002DF659 /* HSPrefGeneralViewController.m */ = {isa = PBXFileReference; fileEncoding = 4; lastKnownFileType = sourcecode.c.objc; path = HSPrefGeneralViewController.m; sourceTree = "<group>"; };
		4A34851B18F9B15B002DF659 /* HSPrefGeneralViewController.xib */ = {isa = PBXFileReference; fileEncoding = 4; lastKnownFileType = file.xib; path = HSPrefGeneralViewController.xib; sourceTree = "<group>"; };
		4A34851E18F9B16B002DF659 /* HSPrefAboutViewController.h */ = {isa = PBXFileReference; fileEncoding = 4; lastKnownFileType = sourcecode.c.h; path = HSPrefAboutViewController.h; sourceTree = "<group>"; };
		4A34851F18F9B16B002DF659 /* HSPrefAboutViewController.m */ = {isa = PBXFileReference; fileEncoding = 4; lastKnownFileType = sourcecode.c.objc; path = HSPrefAboutViewController.m; sourceTree = "<group>"; };
		4A34852018F9B16B002DF659 /* HSPrefAboutViewController.xib */ = {isa = PBXFileReference; fileEncoding = 4; lastKnownFileType = file.xib; path = HSPrefAboutViewController.xib; sourceTree = "<group>"; };
		4A34852318F9B179002DF659 /* HSPrefEditorViewController.h */ = {isa = PBXFileReference; fileEncoding = 4; lastKnownFileType = sourcecode.c.h; path = HSPrefEditorViewController.h; sourceTree = "<group>"; };
		4A34852418F9B179002DF659 /* HSPrefEditorViewController.m */ = {isa = PBXFileReference; fileEncoding = 4; lastKnownFileType = sourcecode.c.objc; path = HSPrefEditorViewController.m; sourceTree = "<group>"; };
		4A34852518F9B179002DF659 /* HSPrefEditorViewController.xib */ = {isa = PBXFileReference; fileEncoding = 4; lastKnownFileType = file.xib; path = HSPrefEditorViewController.xib; sourceTree = "<group>"; };
		4A34852818F9D6DE002DF659 /* HSPrefProtocol.h */ = {isa = PBXFileReference; lastKnownFileType = sourcecode.c.h; path = HSPrefProtocol.h; sourceTree = "<group>"; };
		4A34852A18F9E59C002DF659 /* KFItemConstraintBuilder.h */ = {isa = PBXFileReference; fileEncoding = 4; lastKnownFileType = sourcecode.c.h; path = KFItemConstraintBuilder.h; sourceTree = "<group>"; };
		4A34852B18F9E59C002DF659 /* KFItemConstraintBuilder.m */ = {isa = PBXFileReference; fileEncoding = 4; lastKnownFileType = sourcecode.c.objc; path = KFItemConstraintBuilder.m; sourceTree = "<group>"; };
		4A34852C18F9E59C002DF659 /* KFToolbar.h */ = {isa = PBXFileReference; fileEncoding = 4; lastKnownFileType = sourcecode.c.h; path = KFToolbar.h; sourceTree = "<group>"; };
		4A34852D18F9E59C002DF659 /* KFToolbar.m */ = {isa = PBXFileReference; fileEncoding = 4; lastKnownFileType = sourcecode.c.objc; path = KFToolbar.m; sourceTree = "<group>"; };
		4A34852E18F9E59C002DF659 /* KFToolBarConstraintBuilder.h */ = {isa = PBXFileReference; fileEncoding = 4; lastKnownFileType = sourcecode.c.h; path = KFToolBarConstraintBuilder.h; sourceTree = "<group>"; };
		4A34852F18F9E59C002DF659 /* KFToolBarConstraintBuilder.m */ = {isa = PBXFileReference; fileEncoding = 4; lastKnownFileType = sourcecode.c.objc; path = KFToolBarConstraintBuilder.m; sourceTree = "<group>"; };
		4A34853018F9E59C002DF659 /* KFToolbarItem.h */ = {isa = PBXFileReference; fileEncoding = 4; lastKnownFileType = sourcecode.c.h; path = KFToolbarItem.h; sourceTree = "<group>"; };
		4A34853118F9E59C002DF659 /* KFToolbarItem.m */ = {isa = PBXFileReference; fileEncoding = 4; lastKnownFileType = sourcecode.c.objc; path = KFToolbarItem.m; sourceTree = "<group>"; };
		4A34853218F9E59C002DF659 /* KFToolbarItemButtonCell.h */ = {isa = PBXFileReference; fileEncoding = 4; lastKnownFileType = sourcecode.c.h; path = KFToolbarItemButtonCell.h; sourceTree = "<group>"; };
		4A34853318F9E59C002DF659 /* KFToolbarItemButtonCell.m */ = {isa = PBXFileReference; fileEncoding = 4; lastKnownFileType = sourcecode.c.objc; path = KFToolbarItemButtonCell.m; sourceTree = "<group>"; };
		4A34853418F9E59C002DF659 /* KFToolBarPrivate.h */ = {isa = PBXFileReference; fileEncoding = 4; lastKnownFileType = sourcecode.c.h; path = KFToolBarPrivate.h; sourceTree = "<group>"; };
		4A34853518F9E59C002DF659 /* KFViewBindingsBuilder.h */ = {isa = PBXFileReference; fileEncoding = 4; lastKnownFileType = sourcecode.c.h; path = KFViewBindingsBuilder.h; sourceTree = "<group>"; };
		4A34853618F9E59C002DF659 /* KFViewBindingsBuilder.m */ = {isa = PBXFileReference; fileEncoding = 4; lastKnownFileType = sourcecode.c.objc; path = KFViewBindingsBuilder.m; sourceTree = "<group>"; };
		4A34853718F9E59C002DF659 /* KFViewNameBuilder.h */ = {isa = PBXFileReference; fileEncoding = 4; lastKnownFileType = sourcecode.c.h; path = KFViewNameBuilder.h; sourceTree = "<group>"; };
		4A34853818F9E59C002DF659 /* KFViewNameBuilder.m */ = {isa = PBXFileReference; fileEncoding = 4; lastKnownFileType = sourcecode.c.objc; path = KFViewNameBuilder.m; sourceTree = "<group>"; };
		4A34853918F9E59C002DF659 /* NSArray+KFIAdditions.h */ = {isa = PBXFileReference; fileEncoding = 4; lastKnownFileType = sourcecode.c.h; path = "NSArray+KFIAdditions.h"; sourceTree = "<group>"; };
		4A34853A18F9E59C002DF659 /* NSArray+KFIAdditions.m */ = {isa = PBXFileReference; fileEncoding = 4; lastKnownFileType = sourcecode.c.objc; path = "NSArray+KFIAdditions.m"; sourceTree = "<group>"; };
		4A34854418F9FD3B002DF659 /* JavaScriptCore.framework */ = {isa = PBXFileReference; lastKnownFileType = wrapper.framework; name = JavaScriptCore.framework; path = System/Library/Frameworks/JavaScriptCore.framework; sourceTree = SDKROOT; };
		4A34854718FA04E0002DF659 /* HSJsConsole.h */ = {isa = PBXFileReference; fileEncoding = 4; lastKnownFileType = sourcecode.c.h; path = HSJsConsole.h; sourceTree = "<group>"; };
		4A34854818FA04E0002DF659 /* HSJsConsole.m */ = {isa = PBXFileReference; fileEncoding = 4; lastKnownFileType = sourcecode.c.objc; path = HSJsConsole.m; sourceTree = "<group>"; };
		4A34854A18FA059A002DF659 /* HSJavaScriptManager.h */ = {isa = PBXFileReference; fileEncoding = 4; lastKnownFileType = sourcecode.c.h; path = HSJavaScriptManager.h; sourceTree = "<group>"; };
		4A34854B18FA059A002DF659 /* HSJavaScriptManager.m */ = {isa = PBXFileReference; fileEncoding = 4; lastKnownFileType = sourcecode.c.objc; path = HSJavaScriptManager.m; sourceTree = "<group>"; };
		4A34855018FA18EC002DF659 /* NSTextField+JSConsole.h */ = {isa = PBXFileReference; fileEncoding = 4; lastKnownFileType = sourcecode.c.h; path = "NSTextField+JSConsole.h"; sourceTree = "<group>"; };
		4A34855118FA18EC002DF659 /* NSTextField+JSConsole.m */ = {isa = PBXFileReference; fileEncoding = 4; lastKnownFileType = sourcecode.c.objc; path = "NSTextField+JSConsole.m"; sourceTree = "<group>"; };
		778851544672472DAEA80DAD /* libPods.a */ = {isa = PBXFileReference; explicitFileType = archive.ar; includeInIndex = 0; path = libPods.a; sourceTree = BUILT_PRODUCTS_DIR; };
/* End PBXFileReference section */

/* Begin PBXFrameworksBuildPhase section */
		4A3484D318F97DB2002DF659 /* Frameworks */ = {
			isa = PBXFrameworksBuildPhase;
			buildActionMask = 2147483647;
			files = (
				4A34854518F9FD3B002DF659 /* JavaScriptCore.framework in Frameworks */,
				4A3484DA18F97DB2002DF659 /* Cocoa.framework in Frameworks */,
				F020CAD523374DB4859899B9 /* libPods.a in Frameworks */,
			);
			runOnlyForDeploymentPostprocessing = 0;
		};
		4A3484F418F97DB2002DF659 /* Frameworks */ = {
			isa = PBXFrameworksBuildPhase;
			buildActionMask = 2147483647;
			files = (
				4A3484FA18F97DB2002DF659 /* Cocoa.framework in Frameworks */,
				4A3484F918F97DB2002DF659 /* XCTest.framework in Frameworks */,
			);
			runOnlyForDeploymentPostprocessing = 0;
		};
/* End PBXFrameworksBuildPhase section */

/* Begin PBXGroup section */
		4A3484CD18F97DB2002DF659 = {
			isa = PBXGroup;
			children = (
				4A3484DF18F97DB2002DF659 /* HazelnutScript */,
				4A3484FD18F97DB2002DF659 /* HazelnutScriptTests */,
				4A3484D818F97DB2002DF659 /* Frameworks */,
				4A3484D718F97DB2002DF659 /* Products */,
				0F12728984934D32AC415BDF /* Pods.xcconfig */,
			);
			sourceTree = "<group>";
		};
		4A3484D718F97DB2002DF659 /* Products */ = {
			isa = PBXGroup;
			children = (
				4A3484D618F97DB2002DF659 /* HazelnutScript.app */,
				4A3484F718F97DB2002DF659 /* HazelnutScriptTests.xctest */,
			);
			name = Products;
			sourceTree = "<group>";
		};
		4A3484D818F97DB2002DF659 /* Frameworks */ = {
			isa = PBXGroup;
			children = (
				4A34854418F9FD3B002DF659 /* JavaScriptCore.framework */,
				4A3484D918F97DB2002DF659 /* Cocoa.framework */,
				4A3484F818F97DB2002DF659 /* XCTest.framework */,
				4A3484DB18F97DB2002DF659 /* Other Frameworks */,
				778851544672472DAEA80DAD /* libPods.a */,
			);
			name = Frameworks;
			sourceTree = "<group>";
		};
		4A3484DB18F97DB2002DF659 /* Other Frameworks */ = {
			isa = PBXGroup;
			children = (
				4A3484DC18F97DB2002DF659 /* AppKit.framework */,
				4A3484DD18F97DB2002DF659 /* CoreData.framework */,
				4A3484DE18F97DB2002DF659 /* Foundation.framework */,
			);
			name = "Other Frameworks";
			sourceTree = "<group>";
		};
		4A3484DF18F97DB2002DF659 /* HazelnutScript */ = {
			isa = PBXGroup;
			children = (
				4A34854618FA04A2002DF659 /* JavascriptBridge */,
				4A34852918F9E59C002DF659 /* KFToolbar */,
				4A34851818F9B100002DF659 /* PrefPages */,
				4A3484EB18F97DB2002DF659 /* HSAppDelegate.h */,
				4A3484EC18F97DB2002DF659 /* HSAppDelegate.m */,
				4A3484EE18F97DB2002DF659 /* MainMenu.xib */,
				4A3484F118F97DB2002DF659 /* Images.xcassets */,
				4A3484E018F97DB2002DF659 /* Supporting Files */,
			);
			path = HazelnutScript;
			sourceTree = "<group>";
		};
		4A3484E018F97DB2002DF659 /* Supporting Files */ = {
			isa = PBXGroup;
			children = (
				4A3484E118F97DB2002DF659 /* HazelnutScript-Info.plist */,
				4A3484E218F97DB2002DF659 /* InfoPlist.strings */,
				4A3484E518F97DB2002DF659 /* main.m */,
				4A3484E718F97DB2002DF659 /* HazelnutScript-Prefix.pch */,
				4A3484E818F97DB2002DF659 /* Credits.rtf */,
			);
			name = "Supporting Files";
			sourceTree = "<group>";
		};
		4A3484FD18F97DB2002DF659 /* HazelnutScriptTests */ = {
			isa = PBXGroup;
			children = (
				4A34850318F97DB2002DF659 /* HazelnutScriptTests.m */,
				4A3484FE18F97DB2002DF659 /* Supporting Files */,
			);
			path = HazelnutScriptTests;
			sourceTree = "<group>";
		};
		4A3484FE18F97DB2002DF659 /* Supporting Files */ = {
			isa = PBXGroup;
			children = (
				4A3484FF18F97DB2002DF659 /* HazelnutScriptTests-Info.plist */,
				4A34850018F97DB2002DF659 /* InfoPlist.strings */,
			);
			name = "Supporting Files";
			sourceTree = "<group>";
		};
		4A34851818F9B100002DF659 /* PrefPages */ = {
			isa = PBXGroup;
			children = (
				4A34852818F9D6DE002DF659 /* HSPrefProtocol.h */,
				4A34851918F9B15B002DF659 /* HSPrefGeneralViewController.h */,
				4A34851A18F9B15B002DF659 /* HSPrefGeneralViewController.m */,
				4A34851B18F9B15B002DF659 /* HSPrefGeneralViewController.xib */,
				4A34852318F9B179002DF659 /* HSPrefEditorViewController.h */,
				4A34852418F9B179002DF659 /* HSPrefEditorViewController.m */,
				4A34852518F9B179002DF659 /* HSPrefEditorViewController.xib */,
				4A34851E18F9B16B002DF659 /* HSPrefAboutViewController.h */,
				4A34851F18F9B16B002DF659 /* HSPrefAboutViewController.m */,
				4A34852018F9B16B002DF659 /* HSPrefAboutViewController.xib */,
			);
			path = PrefPages;
			sourceTree = "<group>";
		};
		4A34852918F9E59C002DF659 /* KFToolbar */ = {
			isa = PBXGroup;
			children = (
				4A34852A18F9E59C002DF659 /* KFItemConstraintBuilder.h */,
				4A34852B18F9E59C002DF659 /* KFItemConstraintBuilder.m */,
				4A34852C18F9E59C002DF659 /* KFToolbar.h */,
				4A34852D18F9E59C002DF659 /* KFToolbar.m */,
				4A34852E18F9E59C002DF659 /* KFToolBarConstraintBuilder.h */,
				4A34852F18F9E59C002DF659 /* KFToolBarConstraintBuilder.m */,
				4A34853018F9E59C002DF659 /* KFToolbarItem.h */,
				4A34853118F9E59C002DF659 /* KFToolbarItem.m */,
				4A34853218F9E59C002DF659 /* KFToolbarItemButtonCell.h */,
				4A34853318F9E59C002DF659 /* KFToolbarItemButtonCell.m */,
				4A34853418F9E59C002DF659 /* KFToolBarPrivate.h */,
				4A34853518F9E59C002DF659 /* KFViewBindingsBuilder.h */,
				4A34853618F9E59C002DF659 /* KFViewBindingsBuilder.m */,
				4A34853718F9E59C002DF659 /* KFViewNameBuilder.h */,
				4A34853818F9E59C002DF659 /* KFViewNameBuilder.m */,
				4A34853918F9E59C002DF659 /* NSArray+KFIAdditions.h */,
				4A34853A18F9E59C002DF659 /* NSArray+KFIAdditions.m */,
			);
			path = KFToolbar;
			sourceTree = "<group>";
		};
		4A34854618FA04A2002DF659 /* JavascriptBridge */ = {
			isa = PBXGroup;
			children = (
				4A34854718FA04E0002DF659 /* HSJsConsole.h */,
				4A34854818FA04E0002DF659 /* HSJsConsole.m */,
				4A34854A18FA059A002DF659 /* HSJavaScriptManager.h */,
				4A34854B18FA059A002DF659 /* HSJavaScriptManager.m */,
				4A34855018FA18EC002DF659 /* NSTextField+JSConsole.h */,
				4A34855118FA18EC002DF659 /* NSTextField+JSConsole.m */,
			);
			path = JavascriptBridge;
			sourceTree = "<group>";
		};
/* End PBXGroup section */

/* Begin PBXNativeTarget section */
		4A3484D518F97DB2002DF659 /* HazelnutScript */ = {
			isa = PBXNativeTarget;
			buildConfigurationList = 4A34850718F97DB2002DF659 /* Build configuration list for PBXNativeTarget "HazelnutScript" */;
			buildPhases = (
				B5E9CF02B6B34A0D80311F86 /* Check Pods Manifest.lock */,
				4A3484D218F97DB2002DF659 /* Sources */,
				4A3484D318F97DB2002DF659 /* Frameworks */,
				4A3484D418F97DB2002DF659 /* Resources */,
				7F2982C498A24333B3794A9F /* Copy Pods Resources */,
			);
			buildRules = (
			);
			dependencies = (
			);
			name = HazelnutScript;
			productName = HazelnutScript;
			productReference = 4A3484D618F97DB2002DF659 /* HazelnutScript.app */;
			productType = "com.apple.product-type.application";
		};
		4A3484F618F97DB2002DF659 /* HazelnutScriptTests */ = {
			isa = PBXNativeTarget;
			buildConfigurationList = 4A34850A18F97DB2002DF659 /* Build configuration list for PBXNativeTarget "HazelnutScriptTests" */;
			buildPhases = (
				4A3484F318F97DB2002DF659 /* Sources */,
				4A3484F418F97DB2002DF659 /* Frameworks */,
				4A3484F518F97DB2002DF659 /* Resources */,
			);
			buildRules = (
			);
			dependencies = (
				4A3484FC18F97DB2002DF659 /* PBXTargetDependency */,
			);
			name = HazelnutScriptTests;
			productName = HazelnutScriptTests;
			productReference = 4A3484F718F97DB2002DF659 /* HazelnutScriptTests.xctest */;
			productType = "com.apple.product-type.bundle.unit-test";
		};
/* End PBXNativeTarget section */

/* Begin PBXProject section */
		4A3484CE18F97DB2002DF659 /* Project object */ = {
			isa = PBXProject;
			attributes = {
				CLASSPREFIX = HS;
				LastUpgradeCheck = 0510;
				ORGANIZATIONNAME = Pyrus;
				TargetAttributes = {
					4A3484F618F97DB2002DF659 = {
						TestTargetID = 4A3484D518F97DB2002DF659;
					};
				};
			};
			buildConfigurationList = 4A3484D118F97DB2002DF659 /* Build configuration list for PBXProject "HazelnutScript" */;
			compatibilityVersion = "Xcode 3.2";
			developmentRegion = English;
			hasScannedForEncodings = 0;
			knownRegions = (
				en,
				Base,
			);
			mainGroup = 4A3484CD18F97DB2002DF659;
			productRefGroup = 4A3484D718F97DB2002DF659 /* Products */;
			projectDirPath = "";
			projectRoot = "";
			targets = (
				4A3484D518F97DB2002DF659 /* HazelnutScript */,
				4A3484F618F97DB2002DF659 /* HazelnutScriptTests */,
			);
		};
/* End PBXProject section */

/* Begin PBXResourcesBuildPhase section */
		4A3484D418F97DB2002DF659 /* Resources */ = {
			isa = PBXResourcesBuildPhase;
			buildActionMask = 2147483647;
			files = (
				4A34852218F9B16B002DF659 /* HSPrefAboutViewController.xib in Resources */,
				4A3484E418F97DB2002DF659 /* InfoPlist.strings in Resources */,
				4A3484F218F97DB2002DF659 /* Images.xcassets in Resources */,
				4A3484EA18F97DB2002DF659 /* Credits.rtf in Resources */,
				4A3484F018F97DB2002DF659 /* MainMenu.xib in Resources */,
				4A34851D18F9B15B002DF659 /* HSPrefGeneralViewController.xib in Resources */,
				4A34852718F9B179002DF659 /* HSPrefEditorViewController.xib in Resources */,
			);
			runOnlyForDeploymentPostprocessing = 0;
		};
		4A3484F518F97DB2002DF659 /* Resources */ = {
			isa = PBXResourcesBuildPhase;
			buildActionMask = 2147483647;
			files = (
				4A34850218F97DB2002DF659 /* InfoPlist.strings in Resources */,
			);
			runOnlyForDeploymentPostprocessing = 0;
		};
/* End PBXResourcesBuildPhase section */

/* Begin PBXShellScriptBuildPhase section */
		7F2982C498A24333B3794A9F /* Copy Pods Resources */ = {
			isa = PBXShellScriptBuildPhase;
			buildActionMask = 2147483647;
			files = (
			);
			inputPaths = (
			);
			name = "Copy Pods Resources";
			outputPaths = (
			);
			runOnlyForDeploymentPostprocessing = 0;
			shellPath = /bin/sh;
			shellScript = "\"${SRCROOT}/Pods/Pods-resources.sh\"\n";
			showEnvVarsInLog = 0;
		};
		B5E9CF02B6B34A0D80311F86 /* Check Pods Manifest.lock */ = {
			isa = PBXShellScriptBuildPhase;
			buildActionMask = 2147483647;
			files = (
			);
			inputPaths = (
			);
			name = "Check Pods Manifest.lock";
			outputPaths = (
			);
			runOnlyForDeploymentPostprocessing = 0;
			shellPath = /bin/sh;
			shellScript = "diff \"${PODS_ROOT}/../Podfile.lock\" \"${PODS_ROOT}/Manifest.lock\" > /dev/null\nif [[ $? != 0 ]] ; then\n    cat << EOM\nerror: The sandbox is not in sync with the Podfile.lock. Run 'pod install' or update your CocoaPods installation.\nEOM\n    exit 1\nfi\n";
			showEnvVarsInLog = 0;
		};
/* End PBXShellScriptBuildPhase section */

/* Begin PBXSourcesBuildPhase section */
		4A3484D218F97DB2002DF659 /* Sources */ = {
			isa = PBXSourcesBuildPhase;
			buildActionMask = 2147483647;
			files = (
				4A34853B18F9E59C002DF659 /* KFItemConstraintBuilder.m in Sources */,
				4A34852118F9B16B002DF659 /* HSPrefAboutViewController.m in Sources */,
				4A3484E618F97DB2002DF659 /* main.m in Sources */,
				4A34854C18FA059A002DF659 /* HSJavaScriptManager.m in Sources */,
				4A34854918FA04E0002DF659 /* HSJsConsole.m in Sources */,
				4A3484ED18F97DB2002DF659 /* HSAppDelegate.m in Sources */,
				4A34853E18F9E59C002DF659 /* KFToolbarItem.m in Sources */,
				4A34855218FA18EC002DF659 /* NSTextField+JSConsole.m in Sources */,
				4A34853F18F9E59C002DF659 /* KFToolbarItemButtonCell.m in Sources */,
				4A34853C18F9E59C002DF659 /* KFToolbar.m in Sources */,
				4A34852618F9B179002DF659 /* HSPrefEditorViewController.m in Sources */,
				4A34854018F9E59C002DF659 /* KFViewBindingsBuilder.m in Sources */,
				4A34851C18F9B15B002DF659 /* HSPrefGeneralViewController.m in Sources */,
				4A34854118F9E59C002DF659 /* KFViewNameBuilder.m in Sources */,
				4A34854218F9E59C002DF659 /* NSArray+KFIAdditions.m in Sources */,
				4A34853D18F9E59C002DF659 /* KFToolBarConstraintBuilder.m in Sources */,
			);
			runOnlyForDeploymentPostprocessing = 0;
		};
		4A3484F318F97DB2002DF659 /* Sources */ = {
			isa = PBXSourcesBuildPhase;
			buildActionMask = 2147483647;
			files = (
				4A34850418F97DB2002DF659 /* HazelnutScriptTests.m in Sources */,
			);
			runOnlyForDeploymentPostprocessing = 0;
		};
/* End PBXSourcesBuildPhase section */

/* Begin PBXTargetDependency section */
		4A3484FC18F97DB2002DF659 /* PBXTargetDependency */ = {
			isa = PBXTargetDependency;
			target = 4A3484D518F97DB2002DF659 /* HazelnutScript */;
			targetProxy = 4A3484FB18F97DB2002DF659 /* PBXContainerItemProxy */;
		};
/* End PBXTargetDependency section */

/* Begin PBXVariantGroup section */
		4A3484E218F97DB2002DF659 /* InfoPlist.strings */ = {
			isa = PBXVariantGroup;
			children = (
				4A3484E318F97DB2002DF659 /* en */,
			);
			name = InfoPlist.strings;
			sourceTree = "<group>";
		};
		4A3484E818F97DB2002DF659 /* Credits.rtf */ = {
			isa = PBXVariantGroup;
			children = (
				4A3484E918F97DB2002DF659 /* en */,
			);
			name = Credits.rtf;
			sourceTree = "<group>";
		};
		4A3484EE18F97DB2002DF659 /* MainMenu.xib */ = {
			isa = PBXVariantGroup;
			children = (
				4A3484EF18F97DB2002DF659 /* Base */,
			);
			name = MainMenu.xib;
			sourceTree = "<group>";
		};
		4A34850018F97DB2002DF659 /* InfoPlist.strings */ = {
			isa = PBXVariantGroup;
			children = (
				4A34850118F97DB2002DF659 /* en */,
			);
			name = InfoPlist.strings;
			sourceTree = "<group>";
		};
/* End PBXVariantGroup section */

/* Begin XCBuildConfiguration section */
		4A34850518F97DB2002DF659 /* Debug */ = {
			isa = XCBuildConfiguration;
			buildSettings = {
				ALWAYS_SEARCH_USER_PATHS = NO;
				CLANG_CXX_LANGUAGE_STANDARD = "gnu++0x";
				CLANG_CXX_LIBRARY = "libc++";
				CLANG_ENABLE_MODULES = YES;
				CLANG_ENABLE_OBJC_ARC = YES;
				CLANG_WARN_BOOL_CONVERSION = YES;
				CLANG_WARN_CONSTANT_CONVERSION = YES;
				CLANG_WARN_DIRECT_OBJC_ISA_USAGE = YES_ERROR;
				CLANG_WARN_EMPTY_BODY = YES;
				CLANG_WARN_ENUM_CONVERSION = YES;
				CLANG_WARN_INT_CONVERSION = YES;
				CLANG_WARN_OBJC_ROOT_CLASS = YES_ERROR;
				CLANG_WARN__DUPLICATE_METHOD_MATCH = YES;
				COPY_PHASE_STRIP = NO;
				GCC_C_LANGUAGE_STANDARD = gnu99;
				GCC_DYNAMIC_NO_PIC = NO;
				GCC_ENABLE_OBJC_EXCEPTIONS = YES;
				GCC_OPTIMIZATION_LEVEL = 0;
				GCC_PREPROCESSOR_DEFINITIONS = (
					"DEBUG=1",
					"$(inherited)",
				);
				GCC_SYMBOLS_PRIVATE_EXTERN = NO;
				GCC_WARN_64_TO_32_BIT_CONVERSION = YES;
				GCC_WARN_ABOUT_RETURN_TYPE = YES_ERROR;
				GCC_WARN_UNDECLARED_SELECTOR = YES;
				GCC_WARN_UNINITIALIZED_AUTOS = YES_AGGRESSIVE;
				GCC_WARN_UNUSED_FUNCTION = YES;
				GCC_WARN_UNUSED_VARIABLE = YES;
				MACOSX_DEPLOYMENT_TARGET = 10.9;
				ONLY_ACTIVE_ARCH = YES;
				SDKROOT = macosx;
			};
			name = Debug;
		};
		4A34850618F97DB2002DF659 /* Release */ = {
			isa = XCBuildConfiguration;
			buildSettings = {
				ALWAYS_SEARCH_USER_PATHS = NO;
				CLANG_CXX_LANGUAGE_STANDARD = "gnu++0x";
				CLANG_CXX_LIBRARY = "libc++";
				CLANG_ENABLE_MODULES = YES;
				CLANG_ENABLE_OBJC_ARC = YES;
				CLANG_WARN_BOOL_CONVERSION = YES;
				CLANG_WARN_CONSTANT_CONVERSION = YES;
				CLANG_WARN_DIRECT_OBJC_ISA_USAGE = YES_ERROR;
				CLANG_WARN_EMPTY_BODY = YES;
				CLANG_WARN_ENUM_CONVERSION = YES;
				CLANG_WARN_INT_CONVERSION = YES;
				CLANG_WARN_OBJC_ROOT_CLASS = YES_ERROR;
				CLANG_WARN__DUPLICATE_METHOD_MATCH = YES;
				COPY_PHASE_STRIP = YES;
				DEBUG_INFORMATION_FORMAT = "dwarf-with-dsym";
				ENABLE_NS_ASSERTIONS = NO;
				GCC_C_LANGUAGE_STANDARD = gnu99;
				GCC_ENABLE_OBJC_EXCEPTIONS = YES;
				GCC_WARN_64_TO_32_BIT_CONVERSION = YES;
				GCC_WARN_ABOUT_RETURN_TYPE = YES_ERROR;
				GCC_WARN_UNDECLARED_SELECTOR = YES;
				GCC_WARN_UNINITIALIZED_AUTOS = YES_AGGRESSIVE;
				GCC_WARN_UNUSED_FUNCTION = YES;
				GCC_WARN_UNUSED_VARIABLE = YES;
				MACOSX_DEPLOYMENT_TARGET = 10.9;
				SDKROOT = macosx;
			};
			name = Release;
		};
		4A34850818F97DB2002DF659 /* Debug */ = {
			isa = XCBuildConfiguration;
			baseConfigurationReference = 0F12728984934D32AC415BDF /* Pods.xcconfig */;
			buildSettings = {
				ASSETCATALOG_COMPILER_APPICON_NAME = AppIcon;
				COMBINE_HIDPI_IMAGES = YES;
				GCC_PRECOMPILE_PREFIX_HEADER = YES;
				GCC_PREFIX_HEADER = "HazelnutScript/HazelnutScript-Prefix.pch";
				INFOPLIST_FILE = "HazelnutScript/HazelnutScript-Info.plist";
				PRODUCT_NAME = "$(TARGET_NAME)";
				WRAPPER_EXTENSION = app;
			};
			name = Debug;
		};
		4A34850918F97DB2002DF659 /* Release */ = {
			isa = XCBuildConfiguration;
			baseConfigurationReference = 0F12728984934D32AC415BDF /* Pods.xcconfig */;
			buildSettings = {
				ASSETCATALOG_COMPILER_APPICON_NAME = AppIcon;
				COMBINE_HIDPI_IMAGES = YES;
				GCC_PRECOMPILE_PREFIX_HEADER = YES;
				GCC_PREFIX_HEADER = "HazelnutScript/HazelnutScript-Prefix.pch";
				INFOPLIST_FILE = "HazelnutScript/HazelnutScript-Info.plist";
				PRODUCT_NAME = "$(TARGET_NAME)";
				WRAPPER_EXTENSION = app;
			};
			name = Release;
		};
		4A34850B18F97DB2002DF659 /* Debug */ = {
			isa = XCBuildConfiguration;
			buildSettings = {
				BUNDLE_LOADER = "$(BUILT_PRODUCTS_DIR)/HazelnutScript.app/Contents/MacOS/HazelnutScript";
				COMBINE_HIDPI_IMAGES = YES;
				FRAMEWORK_SEARCH_PATHS = (
					"$(DEVELOPER_FRAMEWORKS_DIR)",
					"$(inherited)",
				);
				GCC_PRECOMPILE_PREFIX_HEADER = YES;
				GCC_PREFIX_HEADER = "HazelnutScript/HazelnutScript-Prefix.pch";
				GCC_PREPROCESSOR_DEFINITIONS = (
					"DEBUG=1",
					"$(inherited)",
				);
				INFOPLIST_FILE = "HazelnutScriptTests/HazelnutScriptTests-Info.plist";
				PRODUCT_NAME = "$(TARGET_NAME)";
				TEST_HOST = "$(BUNDLE_LOADER)";
				WRAPPER_EXTENSION = xctest;
			};
			name = Debug;
		};
		4A34850C18F97DB2002DF659 /* Release */ = {
			isa = XCBuildConfiguration;
			buildSettings = {
				BUNDLE_LOADER = "$(BUILT_PRODUCTS_DIR)/HazelnutScript.app/Contents/MacOS/HazelnutScript";
				COMBINE_HIDPI_IMAGES = YES;
				FRAMEWORK_SEARCH_PATHS = (
					"$(DEVELOPER_FRAMEWORKS_DIR)",
					"$(inherited)",
				);
				GCC_PRECOMPILE_PREFIX_HEADER = YES;
				GCC_PREFIX_HEADER = "HazelnutScript/HazelnutScript-Prefix.pch";
				INFOPLIST_FILE = "HazelnutScriptTests/HazelnutScriptTests-Info.plist";
				PRODUCT_NAME = "$(TARGET_NAME)";
				TEST_HOST = "$(BUNDLE_LOADER)";
				WRAPPER_EXTENSION = xctest;
			};
			name = Release;
		};
/* End XCBuildConfiguration section */

/* Begin XCConfigurationList section */
		4A3484D118F97DB2002DF659 /* Build configuration list for PBXProject "HazelnutScript" */ = {
			isa = XCConfigurationList;
			buildConfigurations = (
				4A34850518F97DB2002DF659 /* Debug */,
				4A34850618F97DB2002DF659 /* Release */,
			);
			defaultConfigurationIsVisible = 0;
			defaultConfigurationName = Release;
		};
		4A34850718F97DB2002DF659 /* Build configuration list for PBXNativeTarget "HazelnutScript" */ = {
			isa = XCConfigurationList;
			buildConfigurations = (
				4A34850818F97DB2002DF659 /* Debug */,
				4A34850918F97DB2002DF659 /* Release */,
			);
			defaultConfigurationIsVisible = 0;
			defaultConfigurationName = Release;
		};
		4A34850A18F97DB2002DF659 /* Build configuration list for PBXNativeTarget "HazelnutScriptTests" */ = {
			isa = XCConfigurationList;
			buildConfigurations = (
				4A34850B18F97DB2002DF659 /* Debug */,
				4A34850C18F97DB2002DF659 /* Release */,
			);
			defaultConfigurationIsVisible = 0;
			defaultConfigurationName = Release;
		};
/* End XCConfigurationList section */
	};
	rootObject = 4A3484CE18F97DB2002DF659 /* Project object */;
}
